<?xml version="1.0" encoding="utf-8"?>
<Project ToolsVersion="4.0" xmlns="http://schemas.microsoft.com/developer/msbuild/2003">
  <ItemGroup>
    <Filter Include="Event">
      <UniqueIdentifier>{E70B220D-5320-4ABE-1CA2-ED1D887546EF}</UniqueIdentifier>
    </Filter>
    <Filter Include="JSEngine">
      <UniqueIdentifier>{B848D164-A415-2C70-CD2E-1A18B95A61FE}</UniqueIdentifier>
    </Filter>
  </ItemGroup>
  <ItemGroup>
    <ClInclude Include="src\JSEngine.h" />
    <ClInclude Include="src\JSEngine\Application.h">
      <Filter>JSEngine</Filter>
    </ClInclude>
    <ClInclude Include="src\JSEngine\Core.h">
      <Filter>JSEngine</Filter>
    </ClInclude>
    <ClInclude Include="src\JSEngine\EntryPoint.h">
      <Filter>JSEngine</Filter>
    </ClInclude>
    <ClInclude Include="src\JSEngine\Log.h">
      <Filter>JSEngine</Filter>
    </ClInclude>
    <ClInclude Include="src\JSEngine\SingletonBaseClass.h">
      <Filter>JSEngine</Filter>
    </ClInclude>
    <ClInclude Include="src\JSEngine\Window.h" />
    <ClInclude Include="src\JSEngine\Platform\WindowsWindow.h" />
    <ClInclude Include="src\JSEngine\Event\MouseEvent.h" />
    <ClInclude Include="src\JSEngine\Event\ApplicationEvent.h" />
    <ClInclude Include="src\JSEngine\Event\Event.h" />
    <ClInclude Include="src\JSEngine\Event\KeyEvent.h" />
  </ItemGroup>
  <ItemGroup>
    <ClCompile Include="src\JSEngine\Application.cpp">
      <Filter>JSEngine</Filter>
    </ClCompile>
    <ClCompile Include="src\JSEngine\Log.cpp">
      <Filter>JSEngine</Filter>
    </ClCompile>
    <ClCompile Include="src\JSEngine\Platform\WindowsWindow.cpp" />
  </ItemGroup>
</Project>